
Microsoft Visual Studio Solution File, Format Version 12.00
# Visual Studio Version 16
VisualStudioVersion = 16.0.32126.315
MinimumVisualStudioVersion = 10.0.40219.1
Project("{FAE04EC0-301F-11D3-BF4B-00C04F79EFBC}") = "P225HomeWork", "P225HomeWork.csproj", "{B1E92A06-565B-4A75-B91A-3B2864E0A205}"
EndProject
Global
	GlobalSection(SolutionConfigurationPlatforms) = preSolution
		Debug|Any CPU = Debug|Any CPU
		Release|Any CPU = Release|Any CPU
	EndGlobalSection
	GlobalSection(ProjectConfigurationPlatforms) = postSolution
		{B1E92A06-565B-4A75-B91A-3B2864E0A205}.Debug|Any CPU.ActiveCfg = Debug|Any CPU
		{B1E92A06-565B-4A75-B91A-3B2864E0A205}.Debug|Any CPU.Build.0 = Debug|Any CPU
		{B1E92A06-565B-4A75-B91A-3B2864E0A205}.Release|Any CPU.ActiveCfg = Release|Any CPU
		{B1E92A06-565B-4A75-B91A-3B2864E0A205}.Release|Any CPU.Build.0 = Release|Any CPU
	EndGlobalSection
	GlobalSection(SolutionProperties) = preSolution
		HideSolutionNode = FALSE
	EndGlobalSection
	GlobalSection(ExtensibilityGlobals) = postSolution
		SolutionGuid = {68A65995-FE61-4166-90E6-364D80FA731A}
	EndGlobalSection
EndGlobal
